
Microsoft Visual Studio Solution File, Format Version 12.00
# Visual Studio Version 16
VisualStudioVersion = 16.0.31205.134
MinimumVisualStudioVersion = 10.0.40219.1
Project("{FAE04EC0-301F-11D3-BF4B-00C04F79EFBC}") = "WebApplication2", "WebApplication2.csproj", "{960FD3E1-3088-42D1-B215-F4A7BAC940C5}"
EndProject
Global
	GlobalSection(SolutionConfigurationPlatforms) = preSolution
		Debug|Any CPU = Debug|Any CPU
		Release|Any CPU = Release|Any CPU
	EndGlobalSection
	GlobalSection(ProjectConfigurationPlatforms) = postSolution
		{960FD3E1-3088-42D1-B215-F4A7BAC940C5}.Debug|Any CPU.ActiveCfg = Debug|Any CPU
		{960FD3E1-3088-42D1-B215-F4A7BAC940C5}.Debug|Any CPU.Build.0 = Debug|Any CPU
		{960FD3E1-3088-42D1-B215-F4A7BAC940C5}.Release|Any CPU.ActiveCfg = Release|Any CPU
		{960FD3E1-3088-42D1-B215-F4A7BAC940C5}.Release|Any CPU.Build.0 = Release|Any CPU
	EndGlobalSection
	GlobalSection(SolutionProperties) = preSolution
		HideSolutionNode = FALSE
	EndGlobalSection
	GlobalSection(ExtensibilityGlobals) = postSolution
		SolutionGuid = {F61DCBF9-3AAF-4CBE-AA7A-0653CA2DF16A}
	EndGlobalSection
EndGlobal
